
Microsoft Visual Studio Solution File, Format Version 12.00
Project("{FAE04EC0-301F-11D3-BF4B-00C04F79EFBC}") = "Bus", "Bus\Bus.csproj", "{4165328E-D37B-413B-82CA-48F1705456C9}"
EndProject
Project("{FAE04EC0-301F-11D3-BF4B-00C04F79EFBC}") = "APIExamples", "APIExamples\APIExamples.csproj", "{10DA73AB-1B50-4154-939D-DA0B90AF6669}"
EndProject
Project("{FAE04EC0-301F-11D3-BF4B-00C04F79EFBC}") = "Test1", "Test1\Test1.csproj", "{9B28F850-6D65-416B-AE29-BF78CB6CC05D}"
EndProject
Global
	GlobalSection(SolutionConfigurationPlatforms) = preSolution
		Debug|Any CPU = Debug|Any CPU
		Release|Any CPU = Release|Any CPU
	EndGlobalSection
	GlobalSection(ProjectConfigurationPlatforms) = postSolution
		{4165328E-D37B-413B-82CA-48F1705456C9}.Debug|Any CPU.ActiveCfg = Debug|Any CPU
		{4165328E-D37B-413B-82CA-48F1705456C9}.Debug|Any CPU.Build.0 = Debug|Any CPU
		{4165328E-D37B-413B-82CA-48F1705456C9}.Release|Any CPU.ActiveCfg = Release|Any CPU
		{4165328E-D37B-413B-82CA-48F1705456C9}.Release|Any CPU.Build.0 = Release|Any CPU
		{10DA73AB-1B50-4154-939D-DA0B90AF6669}.Debug|Any CPU.ActiveCfg = Debug|Any CPU
		{10DA73AB-1B50-4154-939D-DA0B90AF6669}.Debug|Any CPU.Build.0 = Debug|Any CPU
		{10DA73AB-1B50-4154-939D-DA0B90AF6669}.Release|Any CPU.ActiveCfg = Release|Any CPU
		{10DA73AB-1B50-4154-939D-DA0B90AF6669}.Release|Any CPU.Build.0 = Release|Any CPU
		{9B28F850-6D65-416B-AE29-BF78CB6CC05D}.Debug|Any CPU.ActiveCfg = Debug|Any CPU
		{9B28F850-6D65-416B-AE29-BF78CB6CC05D}.Debug|Any CPU.Build.0 = Debug|Any CPU
		{9B28F850-6D65-416B-AE29-BF78CB6CC05D}.Release|Any CPU.ActiveCfg = Release|Any CPU
		{9B28F850-6D65-416B-AE29-BF78CB6CC05D}.Release|Any CPU.Build.0 = Release|Any CPU
	EndGlobalSection
EndGlobal
