
Microsoft Visual Studio Solution File, Format Version 12.00
Project("{FAE04EC0-301F-11D3-BF4B-00C04F79EFBC}") = "Bus", "Bus\Bus.csproj", "{4165328E-D37B-413B-82CA-48F1705456C9}"
EndProject
Project("{FAE04EC0-301F-11D3-BF4B-00C04F79EFBC}") = "APIExamples", "APIExamples\APIExamples.csproj", "{10DA73AB-1B50-4154-939D-DA0B90AF6669}"
EndProject
Project("{FAE04EC0-301F-11D3-BF4B-00C04F79EFBC}") = "Trashmon", "Trashmon\Trashmon.csproj", "{450D141E-CEF6-42DB-87D5-5E8DBC5F6EC1}"
EndProject
Project("{FAE04EC0-301F-11D3-BF4B-00C04F79EFBC}") = "APIShared", "APIShared\APIShared.csproj", "{00500AEA-4034-47FD-867F-5A28CB0DE0DD}"
EndProject
Project("{FAE04EC0-301F-11D3-BF4B-00C04F79EFBC}") = "MapTest", "MapTest\MapTest.csproj", "{7E9C229B-62DB-46D3-AFA7-CF2C8F9FD3EC}"
EndProject
Global
	GlobalSection(SolutionConfigurationPlatforms) = preSolution
		Debug|Any CPU = Debug|Any CPU
		Release|Any CPU = Release|Any CPU
	EndGlobalSection
	GlobalSection(ProjectConfigurationPlatforms) = postSolution
		{4165328E-D37B-413B-82CA-48F1705456C9}.Debug|Any CPU.ActiveCfg = Debug|Any CPU
		{4165328E-D37B-413B-82CA-48F1705456C9}.Debug|Any CPU.Build.0 = Debug|Any CPU
		{4165328E-D37B-413B-82CA-48F1705456C9}.Release|Any CPU.ActiveCfg = Release|Any CPU
		{4165328E-D37B-413B-82CA-48F1705456C9}.Release|Any CPU.Build.0 = Release|Any CPU
		{10DA73AB-1B50-4154-939D-DA0B90AF6669}.Debug|Any CPU.ActiveCfg = Debug|Any CPU
		{10DA73AB-1B50-4154-939D-DA0B90AF6669}.Debug|Any CPU.Build.0 = Debug|Any CPU
		{10DA73AB-1B50-4154-939D-DA0B90AF6669}.Release|Any CPU.ActiveCfg = Release|Any CPU
		{10DA73AB-1B50-4154-939D-DA0B90AF6669}.Release|Any CPU.Build.0 = Release|Any CPU
		{450D141E-CEF6-42DB-87D5-5E8DBC5F6EC1}.Debug|Any CPU.ActiveCfg = Debug|Any CPU
		{450D141E-CEF6-42DB-87D5-5E8DBC5F6EC1}.Debug|Any CPU.Build.0 = Debug|Any CPU
		{450D141E-CEF6-42DB-87D5-5E8DBC5F6EC1}.Release|Any CPU.ActiveCfg = Release|Any CPU
		{450D141E-CEF6-42DB-87D5-5E8DBC5F6EC1}.Release|Any CPU.Build.0 = Release|Any CPU
		{00500AEA-4034-47FD-867F-5A28CB0DE0DD}.Debug|Any CPU.ActiveCfg = Debug|Any CPU
		{00500AEA-4034-47FD-867F-5A28CB0DE0DD}.Debug|Any CPU.Build.0 = Debug|Any CPU
		{00500AEA-4034-47FD-867F-5A28CB0DE0DD}.Release|Any CPU.ActiveCfg = Release|Any CPU
		{00500AEA-4034-47FD-867F-5A28CB0DE0DD}.Release|Any CPU.Build.0 = Release|Any CPU
		{7E9C229B-62DB-46D3-AFA7-CF2C8F9FD3EC}.Debug|Any CPU.ActiveCfg = Debug|Any CPU
		{7E9C229B-62DB-46D3-AFA7-CF2C8F9FD3EC}.Debug|Any CPU.Build.0 = Debug|Any CPU
		{7E9C229B-62DB-46D3-AFA7-CF2C8F9FD3EC}.Release|Any CPU.ActiveCfg = Release|Any CPU
		{7E9C229B-62DB-46D3-AFA7-CF2C8F9FD3EC}.Release|Any CPU.Build.0 = Release|Any CPU
	EndGlobalSection
EndGlobal
